
Microsoft Visual Studio Solution File, Format Version 12.00
# Visual Studio Version 17
VisualStudioVersion = 17.7.34018.315
MinimumVisualStudioVersion = 10.0.40219.1
Project("{FAE04EC0-301F-11D3-BF4B-00C04F79EFBC}") = "BlazorWebApp", "BlazorWebApp\BlazorWebApp.csproj", "{377D7CBD-6D4D-4E25-8C94-A0B1EC63873D}"
EndProject
Global
	GlobalSection(SolutionConfigurationPlatforms) = preSolution
		Debug|Any CPU = Debug|Any CPU
		Release|Any CPU = Release|Any CPU
	EndGlobalSection
	GlobalSection(ProjectConfigurationPlatforms) = postSolution
		{377D7CBD-6D4D-4E25-8C94-A0B1EC63873D}.Debug|Any CPU.ActiveCfg = Debug|Any CPU
		{377D7CBD-6D4D-4E25-8C94-A0B1EC63873D}.Debug|Any CPU.Build.0 = Debug|Any CPU
		{377D7CBD-6D4D-4E25-8C94-A0B1EC63873D}.Release|Any CPU.ActiveCfg = Release|Any CPU
		{377D7CBD-6D4D-4E25-8C94-A0B1EC63873D}.Release|Any CPU.Build.0 = Release|Any CPU
	EndGlobalSection
	GlobalSection(SolutionProperties) = preSolution
		HideSolutionNode = FALSE
	EndGlobalSection
	GlobalSection(ExtensibilityGlobals) = postSolution
		SolutionGuid = {00F665E8-FB40-486B-849B-7136BF025518}
	EndGlobalSection
EndGlobal
